{
  "lockfileVersion": 1,
  "configVersion": 0,
  "workspaces": {
    "": {
      "name": "zk",
      "dependencies": {
        "circomlib": "^2.0.5",
      },
    },
  },
  "packages": {
    "circomlib": ["circomlib@2.0.5", "", {}, "sha512-O7NQ8OS+J4eshBuoy36z/TwQU0YHw8W3zxZcs4hVwpEll3e4hDm3mgkIPqItN8FDeLEKZFK3YeT/+k8TiLF3/A=="],
  }
}
